
Microsoft Visual Studio Solution File, Format Version 12.00
# Visual Studio 15
VisualStudioVersion = 15.0.26430.13
MinimumVisualStudioVersion = 10.0.40219.1
Project("{9092AA53-FB77-4645-B42D-1CCCA6BD08BD}") = "SipJs", "SipJs.njsproj", "{B3E02C1E-BEE5-4CFF-B747-832DE4ADFBAA}"
EndProject
Project("{9092AA53-FB77-4645-B42D-1CCCA6BD08BD}") = "Test", "test\Test.njsproj", "{B3E02C1E-BEE5-4CFF-B747-832DE4ADFBAB}"
EndProject
Project("{2150E333-8FDC-42A3-9474-1A3956D46DE8}") = "Base", "Base", "{9FE96EAB-9FAB-4FFF-B0FD-3F424A6D9558}"
	ProjectSection(SolutionItems) = preProject
		.eslintrc.js = .eslintrc.js
		.gitattributes = .gitattributes
		.gitignore = .gitignore
		.npmignore = .npmignore
		.travis.yml = .travis.yml
	EndProjectSection
EndProject
Global
	GlobalSection(SolutionConfigurationPlatforms) = preSolution
		Debug|Any CPU = Debug|Any CPU
		Release|Any CPU = Release|Any CPU
	EndGlobalSection
	GlobalSection(ProjectConfigurationPlatforms) = postSolution
		{B3E02C1E-BEE5-4CFF-B747-832DE4ADFBAA}.Debug|Any CPU.ActiveCfg = Debug|Any CPU
		{B3E02C1E-BEE5-4CFF-B747-832DE4ADFBAA}.Debug|Any CPU.Build.0 = Debug|Any CPU
		{B3E02C1E-BEE5-4CFF-B747-832DE4ADFBAA}.Release|Any CPU.ActiveCfg = Release|Any CPU
		{B3E02C1E-BEE5-4CFF-B747-832DE4ADFBAA}.Release|Any CPU.Build.0 = Release|Any CPU
		{B3E02C1E-BEE5-4CFF-B747-832DE4ADFBAB}.Debug|Any CPU.ActiveCfg = Debug|Any CPU
		{B3E02C1E-BEE5-4CFF-B747-832DE4ADFBAB}.Debug|Any CPU.Build.0 = Debug|Any CPU
		{B3E02C1E-BEE5-4CFF-B747-832DE4ADFBAB}.Release|Any CPU.ActiveCfg = Release|Any CPU
		{B3E02C1E-BEE5-4CFF-B747-832DE4ADFBAB}.Release|Any CPU.Build.0 = Release|Any CPU
	EndGlobalSection
	GlobalSection(SolutionProperties) = preSolution
		HideSolutionNode = FALSE
	EndGlobalSection
EndGlobal
